
Microsoft Visual Studio Solution File, Format Version 12.00
# Visual Studio Version 17
VisualStudioVersion = 17.13.35828.75 d17.13
MinimumVisualStudioVersion = 10.0.40219.1
Project("{888888A0-9F3D-457C-B088-3A5042F75D52}") = "ExampleOfIDS_Advance", "ExampleOfIDS_Advance.pyproj", "{8D01A833-0BDD-454D-9F4A-BBBD0D9AD8A7}"
EndProject
Global
	GlobalSection(SolutionConfigurationPlatforms) = preSolution
		Debug|Any CPU = Debug|Any CPU
		Release|Any CPU = Release|Any CPU
	EndGlobalSection
	GlobalSection(ProjectConfigurationPlatforms) = postSolution
		{8D01A833-0BDD-454D-9F4A-BBBD0D9AD8A7}.Debug|Any CPU.ActiveCfg = Debug|Any CPU
		{8D01A833-0BDD-454D-9F4A-BBBD0D9AD8A7}.Release|Any CPU.ActiveCfg = Release|Any CPU
	EndGlobalSection
	GlobalSection(SolutionProperties) = preSolution
		HideSolutionNode = FALSE
	EndGlobalSection
	GlobalSection(ExtensibilityGlobals) = postSolution
		SolutionGuid = {8EF42AF0-8E0E-4446-99B3-F5802D5FA674}
	EndGlobalSection
EndGlobal
